Microsoft Visual Studio Solution File, Format Version 12.00
# Visual Studio Version 17
VisualStudioVersion = 17.5.2.0
MinimumVisualStudioVersion = 10.0.40219.1
Project("{FAE04EC0-301F-11D3-BF4B-00C04F79EFBC}") = "FleetSafety.Api", "FleetSafety.Api.csproj", "{0C8B86AB-89D1-FF26-F7BD-06520ED317D1}"
EndProject
Global
	GlobalSection(SolutionConfigurationPlatforms) = preSolution
		Debug|Any CPU = Debug|Any CPU
		Release|Any CPU = Release|Any CPU
	EndGlobalSection
	GlobalSection(ProjectConfigurationPlatforms) = postSolution
		{0C8B86AB-89D1-FF26-F7BD-06520ED317D1}.Debug|Any CPU.ActiveCfg = Debug|Any CPU
		{0C8B86AB-89D1-FF26-F7BD-06520ED317D1}.Debug|Any CPU.Build.0 = Debug|Any CPU
		{0C8B86AB-89D1-FF26-F7BD-06520ED317D1}.Release|Any CPU.ActiveCfg = Release|Any CPU
		{0C8B86AB-89D1-FF26-F7BD-06520ED317D1}.Release|Any CPU.Build.0 = Release|Any CPU
	EndGlobalSection
	GlobalSection(SolutionProperties) = preSolution
		HideSolutionNode = FALSE
	EndGlobalSection
	GlobalSection(ExtensibilityGlobals) = postSolution
		SolutionGuid = {058D75C9-286C-4CCA-8E11-64F00A17960C}
	EndGlobalSection
EndGlobal
